// !$*UTF8*$!
{
	archiveVersion = 1;
	classes = {
	};
	objectVersion = 46;
	objects = {

/* Begin PBXBuildFile section */
		527CE8FE99FECEC37A4227D8 /* Pods_TestHockeyAppUITests.framework in Frameworks */ = {isa = PBXBuildFile; fileRef = 45D9DAD30269424BE4FB0CA5 /* Pods_TestHockeyAppUITests.framework */; };
		6E7AFFDC55AF5665C621EB7F /* Pods_TestHockeyApp.framework in Frameworks */ = {isa = PBXBuildFile; fileRef = 55DB6E1EB5A4FA52BC2273C3 /* Pods_TestHockeyApp.framework */; };
		84E996F81D22AFEE00FE085F /* AppDelegate.swift in Sources */ = {isa = PBXBuildFile; fileRef = 84E996F71D22AFEE00FE085F /* AppDelegate.swift */; };
		84E996FA1D22AFEE00FE085F /* ViewController.swift in Sources */ = {isa = PBXBuildFile; fileRef = 84E996F91D22AFEE00FE085F /* ViewController.swift */; };
		84E996FD1D22AFEE00FE085F /* Main.storyboard in Resources */ = {isa = PBXBuildFile; fileRef = 84E996FB1D22AFEE00FE085F /* Main.storyboard */; };
		84E996FF1D22AFEE00FE085F /* Assets.xcassets in Resources */ = {isa = PBXBuildFile; fileRef = 84E996FE1D22AFEE00FE085F /* Assets.xcassets */; };
		84E997021D22AFEE00FE085F /* LaunchScreen.storyboard in Resources */ = {isa = PBXBuildFile; fileRef = 84E997001D22AFEE00FE085F /* LaunchScreen.storyboard */; };
		84E9970D1D22AFEE00FE085F /* TestHockeyAppTests.swift in Sources */ = {isa = PBXBuildFile; fileRef = 84E9970C1D22AFEE00FE085F /* TestHockeyAppTests.swift */; };
		84E997181D22AFEE00FE085F /* TestHockeyAppUITests.swift in Sources */ = {isa = PBXBuildFile; fileRef = 84E997171D22AFEE00FE085F /* TestHockeyAppUITests.swift */; };
		F5A47FF011F003B7FC9FECB1 /* Pods_TestHockeyAppTests.framework in Frameworks */ = {isa = PBXBuildFile; fileRef = 61FA8152C36BEAFF2DCAE11A /* Pods_TestHockeyAppTests.framework */; };
/* End PBXBuildFile section */

/* Begin PBXContainerItemProxy section */
		84E997091D22AFEE00FE085F /* PBXContainerItemProxy */ = {
			isa = PBXContainerItemProxy;
			containerPortal = 84E996EC1D22AFEE00FE085F /* Project object */;
			proxyType = 1;
			remoteGlobalIDString = 84E996F31D22AFEE00FE085F;
			remoteInfo = TestHockeyApp;
		};
		84E997141D22AFEE00FE085F /* PBXContainerItemProxy */ = {
			isa = PBXContainerItemProxy;
			containerPortal = 84E996EC1D22AFEE00FE085F /* Project object */;
			proxyType = 1;
			remoteGlobalIDString = 84E996F31D22AFEE00FE085F;
			remoteInfo = TestHockeyApp;
		};
/* End PBXContainerItemProxy section */

/* Begin PBXFileReference section */
		45D9DAD30269424BE4FB0CA5 /* Pods_TestHockeyAppUITests.framework */ = {isa = PBXFileReference; explicitFileType = wrapper.framework; includeInIndex = 0; path = Pods_TestHockeyAppUITests.framework; sourceTree = BUILT_PRODUCTS_DIR; };
		5095A1DAB8FDC6389551CFA1 /* Pods-TestHockeyAppTests.debug.xcconfig */ = {isa = PBXFileReference; includeInIndex = 1; lastKnownFileType = text.xcconfig; name = "Pods-TestHockeyAppTests.debug.xcconfig"; path = "Pods/Target Support Files/Pods-TestHockeyAppTests/Pods-TestHockeyAppTests.debug.xcconfig"; sourceTree = "<group>"; };
		55DB6E1EB5A4FA52BC2273C3 /* Pods_TestHockeyApp.framework */ = {isa = PBXFileReference; explicitFileType = wrapper.framework; includeInIndex = 0; path = Pods_TestHockeyApp.framework; sourceTree = BUILT_PRODUCTS_DIR; };
		61FA8152C36BEAFF2DCAE11A /* Pods_TestHockeyAppTests.framework */ = {isa = PBXFileReference; explicitFileType = wrapper.framework; includeInIndex = 0; path = Pods_TestHockeyAppTests.framework; sourceTree = BUILT_PRODUCTS_DIR; };
		7FACCF0A76D2EE7F3878095E /* Pods-TestHockeyAppTests.release.xcconfig */ = {isa = PBXFileReference; includeInIndex = 1; lastKnownFileType = text.xcconfig; name = "Pods-TestHockeyAppTests.release.xcconfig"; path = "Pods/Target Support Files/Pods-TestHockeyAppTests/Pods-TestHockeyAppTests.release.xcconfig"; sourceTree = "<group>"; };
		84E996F41D22AFEE00FE085F /* TestHockeyApp.app */ = {isa = PBXFileReference; explicitFileType = wrapper.application; includeInIndex = 0; path = TestHockeyApp.app; sourceTree = BUILT_PRODUCTS_DIR; };
		84E996F71D22AFEE00FE085F /* AppDelegate.swift */ = {isa = PBXFileReference; lastKnownFileType = sourcecode.swift; path = AppDelegate.swift; sourceTree = "<group>"; };
		84E996F91D22AFEE00FE085F /* ViewController.swift */ = {isa = PBXFileReference; lastKnownFileType = sourcecode.swift; path = ViewController.swift; sourceTree = "<group>"; };
		84E996FC1D22AFEE00FE085F /* Base */ = {isa = PBXFileReference; lastKnownFileType = file.storyboard; name = Base; path = Base.lproj/Main.storyboard; sourceTree = "<group>"; };
		84E996FE1D22AFEE00FE085F /* Assets.xcassets */ = {isa = PBXFileReference; lastKnownFileType = folder.assetcatalog; path = Assets.xcassets; sourceTree = "<group>"; };
		84E997011D22AFEE00FE085F /* Base */ = {isa = PBXFileReference; lastKnownFileType = file.storyboard; name = Base; path = Base.lproj/LaunchScreen.storyboard; sourceTree = "<group>"; };
		84E997031D22AFEE00FE085F /* Info.plist */ = {isa = PBXFileReference; lastKnownFileType = text.plist.xml; path = Info.plist; sourceTree = "<group>"; };
		84E997081D22AFEE00FE085F /* TestHockeyAppTests.xctest */ = {isa = PBXFileReference; explicitFileType = wrapper.cfbundle; includeInIndex = 0; path = TestHockeyAppTests.xctest; sourceTree = BUILT_PRODUCTS_DIR; };
		84E9970C1D22AFEE00FE085F /* TestHockeyAppTests.swift */ = {isa = PBXFileReference; lastKnownFileType = sourcecode.swift; path = TestHockeyAppTests.swift; sourceTree = "<group>"; };
		84E9970E1D22AFEE00FE085F /* Info.plist */ = {isa = PBXFileReference; lastKnownFileType = text.plist.xml; path = Info.plist; sourceTree = "<group>"; };
		84E997131D22AFEE00FE085F /* TestHockeyAppUITests.xctest */ = {isa = PBXFileReference; explicitFileType = wrapper.cfbundle; includeInIndex = 0; path = TestHockeyAppUITests.xctest; sourceTree = BUILT_PRODUCTS_DIR; };
		84E997171D22AFEE00FE085F /* TestHockeyAppUITests.swift */ = {isa = PBXFileReference; lastKnownFileType = sourcecode.swift; path = TestHockeyAppUITests.swift; sourceTree = "<group>"; };
		84E997191D22AFEE00FE085F /* Info.plist */ = {isa = PBXFileReference; lastKnownFileType = text.plist.xml; path = Info.plist; sourceTree = "<group>"; };
		AA06FB858A7488E948884A9E /* Pods-TestHockeyApp.release.xcconfig */ = {isa = PBXFileReference; includeInIndex = 1; lastKnownFileType = text.xcconfig; name = "Pods-TestHockeyApp.release.xcconfig"; path = "Pods/Target Support Files/Pods-TestHockeyApp/Pods-TestHockeyApp.release.xcconfig"; sourceTree = "<group>"; };
		BFB5ACE1133F5EA6072E24EE /* Pods-TestHockeyAppUITests.release.xcconfig */ = {isa = PBXFileReference; includeInIndex = 1; lastKnownFileType = text.xcconfig; name = "Pods-TestHockeyAppUITests.release.xcconfig"; path = "Pods/Target Support Files/Pods-TestHockeyAppUITests/Pods-TestHockeyAppUITests.release.xcconfig"; sourceTree = "<group>"; };
		D0BA799DE8F565C8B11B084F /* Pods-TestHockeyApp.debug.xcconfig */ = {isa = PBXFileReference; includeInIndex = 1; lastKnownFileType = text.xcconfig; name = "Pods-TestHockeyApp.debug.xcconfig"; path = "Pods/Target Support Files/Pods-TestHockeyApp/Pods-TestHockeyApp.debug.xcconfig"; sourceTree = "<group>"; };
		E9E822B6F08BB8787AF57D1A /* Pods-TestHockeyAppUITests.debug.xcconfig */ = {isa = PBXFileReference; includeInIndex = 1; lastKnownFileType = text.xcconfig; name = "Pods-TestHockeyAppUITests.debug.xcconfig"; path = "Pods/Target Support Files/Pods-TestHockeyAppUITests/Pods-TestHockeyAppUITests.debug.xcconfig"; sourceTree = "<group>"; };
/* End PBXFileReference section */

/* Begin PBXFrameworksBuildPhase section */
		84E996F11D22AFEE00FE085F /* Frameworks */ = {
			isa = PBXFrameworksBuildPhase;
			buildActionMask = 2147483647;
			files = (
				6E7AFFDC55AF5665C621EB7F /* Pods_TestHockeyApp.framework in Frameworks */,
			);
			runOnlyForDeploymentPostprocessing = 0;
		};
		84E997051D22AFEE00FE085F /* Frameworks */ = {
			isa = PBXFrameworksBuildPhase;
			buildActionMask = 2147483647;
			files = (
				F5A47FF011F003B7FC9FECB1 /* Pods_TestHockeyAppTests.framework in Frameworks */,
			);
			runOnlyForDeploymentPostprocessing = 0;
		};
		84E997101D22AFEE00FE085F /* Frameworks */ = {
			isa = PBXFrameworksBuildPhase;
			buildActionMask = 2147483647;
			files = (
				527CE8FE99FECEC37A4227D8 /* Pods_TestHockeyAppUITests.framework in Frameworks */,
			);
			runOnlyForDeploymentPostprocessing = 0;
		};
/* End PBXFrameworksBuildPhase section */

/* Begin PBXGroup section */
		84E996EB1D22AFEE00FE085F = {
			isa = PBXGroup;
			children = (
				84E996F61D22AFEE00FE085F /* TestHockeyApp */,
				84E9970B1D22AFEE00FE085F /* TestHockeyAppTests */,
				84E997161D22AFEE00FE085F /* TestHockeyAppUITests */,
				84E996F51D22AFEE00FE085F /* Products */,
				EB16EAC634724A99CD28F3D2 /* Pods */,
				EFCFEBD677A7B35BB5018E48 /* Frameworks */,
			);
			sourceTree = "<group>";
		};
		84E996F51D22AFEE00FE085F /* Products */ = {
			isa = PBXGroup;
			children = (
				84E996F41D22AFEE00FE085F /* TestHockeyApp.app */,
				84E997081D22AFEE00FE085F /* TestHockeyAppTests.xctest */,
				84E997131D22AFEE00FE085F /* TestHockeyAppUITests.xctest */,
			);
			name = Products;
			sourceTree = "<group>";
		};
		84E996F61D22AFEE00FE085F /* TestHockeyApp */ = {
			isa = PBXGroup;
			children = (
				84E996F71D22AFEE00FE085F /* AppDelegate.swift */,
				84E996F91D22AFEE00FE085F /* ViewController.swift */,
				84E996FB1D22AFEE00FE085F /* Main.storyboard */,
				84E996FE1D22AFEE00FE085F /* Assets.xcassets */,
				84E997001D22AFEE00FE085F /* LaunchScreen.storyboard */,
				84E997031D22AFEE00FE085F /* Info.plist */,
			);
			path = TestHockeyApp;
			sourceTree = "<group>";
		};
		84E9970B1D22AFEE00FE085F /* TestHockeyAppTests */ = {
			isa = PBXGroup;
			children = (
				84E9970C1D22AFEE00FE085F /* TestHockeyAppTests.swift */,
				84E9970E1D22AFEE00FE085F /* Info.plist */,
			);
			path = TestHockeyAppTests;
			sourceTree = "<group>";
		};
		84E997161D22AFEE00FE085F /* TestHockeyAppUITests */ = {
			isa = PBXGroup;
			children = (
				84E997171D22AFEE00FE085F /* TestHockeyAppUITests.swift */,
				84E997191D22AFEE00FE085F /* Info.plist */,
			);
			path = TestHockeyAppUITests;
			sourceTree = "<group>";
		};
		EB16EAC634724A99CD28F3D2 /* Pods */ = {
			isa = PBXGroup;
			children = (
				D0BA799DE8F565C8B11B084F /* Pods-TestHockeyApp.debug.xcconfig */,
				AA06FB858A7488E948884A9E /* Pods-TestHockeyApp.release.xcconfig */,
				5095A1DAB8FDC6389551CFA1 /* Pods-TestHockeyAppTests.debug.xcconfig */,
				7FACCF0A76D2EE7F3878095E /* Pods-TestHockeyAppTests.release.xcconfig */,
				E9E822B6F08BB8787AF57D1A /* Pods-TestHockeyAppUITests.debug.xcconfig */,
				BFB5ACE1133F5EA6072E24EE /* Pods-TestHockeyAppUITests.release.xcconfig */,
			);
			name = Pods;
			sourceTree = "<group>";
		};
		EFCFEBD677A7B35BB5018E48 /* Frameworks */ = {
			isa = PBXGroup;
			children = (
				55DB6E1EB5A4FA52BC2273C3 /* Pods_TestHockeyApp.framework */,
				61FA8152C36BEAFF2DCAE11A /* Pods_TestHockeyAppTests.framework */,
				45D9DAD30269424BE4FB0CA5 /* Pods_TestHockeyAppUITests.framework */,
			);
			name = Frameworks;
			sourceTree = "<group>";
		};
/* End PBXGroup section */

/* Begin PBXNativeTarget section */
		84E996F31D22AFEE00FE085F /* TestHockeyApp */ = {
			isa = PBXNativeTarget;
			buildConfigurationList = 84E9971C1D22AFEE00FE085F /* Build configuration list for PBXNativeTarget "TestHockeyApp" */;
			buildPhases = (
				E9F64A3AEC6CB12CFED4F32B /* [CP] Check Pods Manifest.lock */,
				84E996F01D22AFEE00FE085F /* Sources */,
				84E996F11D22AFEE00FE085F /* Frameworks */,
				84E996F21D22AFEE00FE085F /* Resources */,
				FEF51FF3F7647555D681C0FB /* [CP] Embed Pods Frameworks */,
				4DEECB7C6DEEE57F399FCD85 /* [CP] Copy Pods Resources */,
				848A65F41D241AA4004DA825 /* Auto Update Build Version No - Script */,
			);
			buildRules = (
			);
			dependencies = (
			);
			name = TestHockeyApp;
			productName = TestHockeyApp;
			productReference = 84E996F41D22AFEE00FE085F /* TestHockeyApp.app */;
			productType = "com.apple.product-type.application";
		};
		84E997071D22AFEE00FE085F /* TestHockeyAppTests */ = {
			isa = PBXNativeTarget;
			buildConfigurationList = 84E9971F1D22AFEE00FE085F /* Build configuration list for PBXNativeTarget "TestHockeyAppTests" */;
			buildPhases = (
				8D9EFBFABD73B1F8A2D98AEF /* [CP] Check Pods Manifest.lock */,
				84E997041D22AFEE00FE085F /* Sources */,
				84E997051D22AFEE00FE085F /* Frameworks */,
				84E997061D22AFEE00FE085F /* Resources */,
				EE8BDE8E0BCAC870ABEC37C2 /* [CP] Embed Pods Frameworks */,
				CE504190AA38A57966E38C7A /* [CP] Copy Pods Resources */,
			);
			buildRules = (
			);
			dependencies = (
				84E9970A1D22AFEE00FE085F /* PBXTargetDependency */,
			);
			name = TestHockeyAppTests;
			productName = TestHockeyAppTests;
			productReference = 84E997081D22AFEE00FE085F /* TestHockeyAppTests.xctest */;
			productType = "com.apple.product-type.bundle.unit-test";
		};
		84E997121D22AFEE00FE085F /* TestHockeyAppUITests */ = {
			isa = PBXNativeTarget;
			buildConfigurationList = 84E997221D22AFEE00FE085F /* Build configuration list for PBXNativeTarget "TestHockeyAppUITests" */;
			buildPhases = (
				EA3F36D368BB1A62CA140F5F /* [CP] Check Pods Manifest.lock */,
				84E9970F1D22AFEE00FE085F /* Sources */,
				84E997101D22AFEE00FE085F /* Frameworks */,
				84E997111D22AFEE00FE085F /* Resources */,
				29C0C06B5FCE474632696945 /* [CP] Copy Pods Resources */,
			);
			buildRules = (
			);
			dependencies = (
				84E997151D22AFEE00FE085F /* PBXTargetDependency */,
			);
			name = TestHockeyAppUITests;
			productName = TestHockeyAppUITests;
			productReference = 84E997131D22AFEE00FE085F /* TestHockeyAppUITests.xctest */;
			productType = "com.apple.product-type.bundle.ui-testing";
		};
/* End PBXNativeTarget section */

/* Begin PBXProject section */
		84E996EC1D22AFEE00FE085F /* Project object */ = {
			isa = PBXProject;
			attributes = {
				LastSwiftUpdateCheck = 0800;
				LastUpgradeCheck = 0800;
				ORGANIZATIONNAME = Admin;
				TargetAttributes = {
					84E996F31D22AFEE00FE085F = {
						CreatedOnToolsVersion = 8.0;
						DevelopmentTeam = 47F2KXC4F9;
						DevelopmentTeamName = "HCL Technologies Ltd";
						ProvisioningStyle = Manual;
					};
					84E997071D22AFEE00FE085F = {
						CreatedOnToolsVersion = 8.0;
						DevelopmentTeam = 47F2KXC4F9;
						DevelopmentTeamName = "HCL Technologies Ltd";
						ProvisioningStyle = Automatic;
						TestTargetID = 84E996F31D22AFEE00FE085F;
					};
					84E997121D22AFEE00FE085F = {
						CreatedOnToolsVersion = 8.0;
						DevelopmentTeam = 47F2KXC4F9;
						DevelopmentTeamName = "HCL Technologies Ltd";
						ProvisioningStyle = Automatic;
						TestTargetID = 84E996F31D22AFEE00FE085F;
					};
				};
			};
			buildConfigurationList = 84E996EF1D22AFEE00FE085F /* Build configuration list for PBXProject "TestHockeyApp" */;
			compatibilityVersion = "Xcode 3.2";
			developmentRegion = English;
			hasScannedForEncodings = 0;
			knownRegions = (
				en,
				Base,
			);
			mainGroup = 84E996EB1D22AFEE00FE085F;
			productRefGroup = 84E996F51D22AFEE00FE085F /* Products */;
			projectDirPath = "";
			projectRoot = "";
			targets = (
				84E996F31D22AFEE00FE085F /* TestHockeyApp */,
				84E997071D22AFEE00FE085F /* TestHockeyAppTests */,
				84E997121D22AFEE00FE085F /* TestHockeyAppUITests */,
			);
		};
/* End PBXProject section */

/* Begin PBXResourcesBuildPhase section */
		84E996F21D22AFEE00FE085F /* Resources */ = {
			isa = PBXResourcesBuildPhase;
			buildActionMask = 2147483647;
			files = (
				84E997021D22AFEE00FE085F /* LaunchScreen.storyboard in Resources */,
				84E996FF1D22AFEE00FE085F /* Assets.xcassets in Resources */,
				84E996FD1D22AFEE00FE085F /* Main.storyboard in Resources */,
			);
			runOnlyForDeploymentPostprocessing = 0;
		};
		84E997061D22AFEE00FE085F /* Resources */ = {
			isa = PBXResourcesBuildPhase;
			buildActionMask = 2147483647;
			files = (
			);
			runOnlyForDeploymentPostprocessing = 0;
		};
		84E997111D22AFEE00FE085F /* Resources */ = {
			isa = PBXResourcesBuildPhase;
			buildActionMask = 2147483647;
			files = (
			);
			runOnlyForDeploymentPostprocessing = 0;
		};
/* End PBXResourcesBuildPhase section */

/* Begin PBXShellScriptBuildPhase section */
		29C0C06B5FCE474632696945 /* [CP] Copy Pods Resources */ = {
			isa = PBXShellScriptBuildPhase;
			buildActionMask = 2147483647;
			files = (
			);
			inputPaths = (
			);
			name = "[CP] Copy Pods Resources";
			outputPaths = (
			);
			runOnlyForDeploymentPostprocessing = 0;
			shellPath = /bin/sh;
			shellScript = "\"${SRCROOT}/Pods/Target Support Files/Pods-TestHockeyAppUITests/Pods-TestHockeyAppUITests-resources.sh\"\n";
			showEnvVarsInLog = 0;
		};
		4DEECB7C6DEEE57F399FCD85 /* [CP] Copy Pods Resources */ = {
			isa = PBXShellScriptBuildPhase;
			buildActionMask = 2147483647;
			files = (
			);
			inputPaths = (
			);
			name = "[CP] Copy Pods Resources";
			outputPaths = (
			);
			runOnlyForDeploymentPostprocessing = 0;
			shellPath = /bin/sh;
			shellScript = "\"${SRCROOT}/Pods/Target Support Files/Pods-TestHockeyApp/Pods-TestHockeyApp-resources.sh\"\n";
			showEnvVarsInLog = 0;
		};
		848A65F41D241AA4004DA825 /* Auto Update Build Version No - Script */ = {
			isa = PBXShellScriptBuildPhase;
			buildActionMask = 12;
			files = (
			);
			inputPaths = (
			);
			name = "Auto Update Build Version No - Script";
			outputPaths = (
			);
			runOnlyForDeploymentPostprocessing = 0;
			shellPath = /bin/sh;
			shellScript = "buildNumber=$(/usr/libexec/PlistBuddy -c \"Print CFBundleVersion\" \"${PROJECT_DIR}/${INFOPLIST_FILE}\")\nbuildNumber=$(($buildNumber + 1))\n/usr/libexec/PlistBuddy -c \"Set :CFBundleVersion $buildNumber\" \"${PROJECT_DIR}/${INFOPLIST_FILE}\"\n# This splits a two-decimal version string, such as \"0.45.123\", allowing us to increment the third position.\nVERSIONNUM=$(/usr/libexec/PlistBuddy -c \"Print CFBundleShortVersionString\" \"${PROJECT_DIR}/${INFOPLIST_FILE}\")\nNEWSUBVERSION=`echo $VERSIONNUM | awk -F \".\" '{print $3}'`\nNEWSUBVERSION=$(($NEWSUBVERSION + 1))\nNEWVERSIONSTRING=`echo $VERSIONNUM | awk -F \".\" '{print $1 \".\" $2 \".'$NEWSUBVERSION'\" }'`\n/usr/libexec/PlistBuddy -c \"Set :CFBundleShortVersionString $NEWVERSIONSTRING\" \"${PROJECT_DIR}/${INFOPLIST_FILE}\"\n\necho \"Committing the build number...\"\ncd ${PROJECT_DIR};git add ${PROJECT_DIR}/${INFOPLIST_FILE}\ncd ${PROJECT_DIR};git commit -m \"Bumped the build number.\"\ncd ${PROJECT_DIR};git push -u origin master\necho \"Build number committed.\"\n";
		};
		8D9EFBFABD73B1F8A2D98AEF /* [CP] Check Pods Manifest.lock */ = {
			isa = PBXShellScriptBuildPhase;
			buildActionMask = 2147483647;
			files = (
			);
			inputPaths = (
			);
			name = "[CP] Check Pods Manifest.lock";
			outputPaths = (
			);
			runOnlyForDeploymentPostprocessing = 0;
			shellPath = /bin/sh;
			shellScript = "diff \"${PODS_ROOT}/../Podfile.lock\" \"${PODS_ROOT}/Manifest.lock\" > /dev/null\nif [[ $? != 0 ]] ; then\n    cat << EOM\nerror: The sandbox is not in sync with the Podfile.lock. Run 'pod install' or update your CocoaPods installation.\nEOM\n    exit 1\nfi\n";
			showEnvVarsInLog = 0;
		};
		CE504190AA38A57966E38C7A /* [CP] Copy Pods Resources */ = {
			isa = PBXShellScriptBuildPhase;
			buildActionMask = 2147483647;
			files = (
			);
			inputPaths = (
			);
			name = "[CP] Copy Pods Resources";
			outputPaths = (
			);
			runOnlyForDeploymentPostprocessing = 0;
			shellPath = /bin/sh;
			shellScript = "\"${SRCROOT}/Pods/Target Support Files/Pods-TestHockeyAppTests/Pods-TestHockeyAppTests-resources.sh\"\n";
			showEnvVarsInLog = 0;
		};
		E9F64A3AEC6CB12CFED4F32B /* [CP] Check Pods Manifest.lock */ = {
			isa = PBXShellScriptBuildPhase;
			buildActionMask = 2147483647;
			files = (
			);
			inputPaths = (
			);
			name = "[CP] Check Pods Manifest.lock";
			outputPaths = (
			);
			runOnlyForDeploymentPostprocessing = 0;
			shellPath = /bin/sh;
			shellScript = "diff \"${PODS_ROOT}/../Podfile.lock\" \"${PODS_ROOT}/Manifest.lock\" > /dev/null\nif [[ $? != 0 ]] ; then\n    cat << EOM\nerror: The sandbox is not in sync with the Podfile.lock. Run 'pod install' or update your CocoaPods installation.\nEOM\n    exit 1\nfi\n";
			showEnvVarsInLog = 0;
		};
		EA3F36D368BB1A62CA140F5F /* [CP] Check Pods Manifest.lock */ = {
			isa = PBXShellScriptBuildPhase;
			buildActionMask = 2147483647;
			files = (
			);
			inputPaths = (
			);
			name = "[CP] Check Pods Manifest.lock";
			outputPaths = (
			);
			runOnlyForDeploymentPostprocessing = 0;
			shellPath = /bin/sh;
			shellScript = "diff \"${PODS_ROOT}/../Podfile.lock\" \"${PODS_ROOT}/Manifest.lock\" > /dev/null\nif [[ $? != 0 ]] ; then\n    cat << EOM\nerror: The sandbox is not in sync with the Podfile.lock. Run 'pod install' or update your CocoaPods installation.\nEOM\n    exit 1\nfi\n";
			showEnvVarsInLog = 0;
		};
		EE8BDE8E0BCAC870ABEC37C2 /* [CP] Embed Pods Frameworks */ = {
			isa = PBXShellScriptBuildPhase;
			buildActionMask = 2147483647;
			files = (
			);
			inputPaths = (
			);
			name = "[CP] Embed Pods Frameworks";
			outputPaths = (
			);
			runOnlyForDeploymentPostprocessing = 0;
			shellPath = /bin/sh;
			shellScript = "\"${SRCROOT}/Pods/Target Support Files/Pods-TestHockeyAppTests/Pods-TestHockeyAppTests-frameworks.sh\"\n";
			showEnvVarsInLog = 0;
		};
		FEF51FF3F7647555D681C0FB /* [CP] Embed Pods Frameworks */ = {
			isa = PBXShellScriptBuildPhase;
			buildActionMask = 2147483647;
			files = (
			);
			inputPaths = (
			);
			name = "[CP] Embed Pods Frameworks";
			outputPaths = (
			);
			runOnlyForDeploymentPostprocessing = 0;
			shellPath = /bin/sh;
			shellScript = "\"${SRCROOT}/Pods/Target Support Files/Pods-TestHockeyApp/Pods-TestHockeyApp-frameworks.sh\"\n";
			showEnvVarsInLog = 0;
		};
/* End PBXShellScriptBuildPhase section */

/* Begin PBXSourcesBuildPhase section */
		84E996F01D22AFEE00FE085F /* Sources */ = {
			isa = PBXSourcesBuildPhase;
			buildActionMask = 2147483647;
			files = (
				84E996FA1D22AFEE00FE085F /* ViewController.swift in Sources */,
				84E996F81D22AFEE00FE085F /* AppDelegate.swift in Sources */,
			);
			runOnlyForDeploymentPostprocessing = 0;
		};
		84E997041D22AFEE00FE085F /* Sources */ = {
			isa = PBXSourcesBuildPhase;
			buildActionMask = 2147483647;
			files = (
				84E9970D1D22AFEE00FE085F /* TestHockeyAppTests.swift in Sources */,
			);
			runOnlyForDeploymentPostprocessing = 0;
		};
		84E9970F1D22AFEE00FE085F /* Sources */ = {
			isa = PBXSourcesBuildPhase;
			buildActionMask = 2147483647;
			files = (
				84E997181D22AFEE00FE085F /* TestHockeyAppUITests.swift in Sources */,
			);
			runOnlyForDeploymentPostprocessing = 0;
		};
/* End PBXSourcesBuildPhase section */

/* Begin PBXTargetDependency section */
		84E9970A1D22AFEE00FE085F /* PBXTargetDependency */ = {
			isa = PBXTargetDependency;
			target = 84E996F31D22AFEE00FE085F /* TestHockeyApp */;
			targetProxy = 84E997091D22AFEE00FE085F /* PBXContainerItemProxy */;
		};
		84E997151D22AFEE00FE085F /* PBXTargetDependency */ = {
			isa = PBXTargetDependency;
			target = 84E996F31D22AFEE00FE085F /* TestHockeyApp */;
			targetProxy = 84E997141D22AFEE00FE085F /* PBXContainerItemProxy */;
		};
/* End PBXTargetDependency section */

/* Begin PBXVariantGroup section */
		84E996FB1D22AFEE00FE085F /* Main.storyboard */ = {
			isa = PBXVariantGroup;
			children = (
				84E996FC1D22AFEE00FE085F /* Base */,
			);
			name = Main.storyboard;
			sourceTree = "<group>";
		};
		84E997001D22AFEE00FE085F /* LaunchScreen.storyboard */ = {
			isa = PBXVariantGroup;
			children = (
				84E997011D22AFEE00FE085F /* Base */,
			);
			name = LaunchScreen.storyboard;
			sourceTree = "<group>";
		};
/* End PBXVariantGroup section */

/* Begin XCBuildConfiguration section */
		84E9971A1D22AFEE00FE085F /* Debug */ = {
			isa = XCBuildConfiguration;
			buildSettings = {
				ALWAYS_SEARCH_USER_PATHS = NO;
				CLANG_ANALYZER_NONNULL = YES;
				CLANG_CXX_LANGUAGE_STANDARD = "gnu++0x";
				CLANG_CXX_LIBRARY = "libc++";
				CLANG_ENABLE_MODULES = YES;
				CLANG_ENABLE_OBJC_ARC = YES;
				CLANG_WARN_BOOL_CONVERSION = YES;
				CLANG_WARN_CONSTANT_CONVERSION = YES;
				CLANG_WARN_DIRECT_OBJC_ISA_USAGE = YES_ERROR;
				CLANG_WARN_DOCUMENTATION_COMMENTS = YES;
				CLANG_WARN_EMPTY_BODY = YES;
				CLANG_WARN_ENUM_CONVERSION = YES;
				CLANG_WARN_INT_CONVERSION = YES;
				CLANG_WARN_OBJC_ROOT_CLASS = YES_ERROR;
				CLANG_WARN_UNREACHABLE_CODE = YES;
				CLANG_WARN__DUPLICATE_METHOD_MATCH = YES;
				CODE_SIGN_IDENTITY = "iPhone Developer";
				"CODE_SIGN_IDENTITY[sdk=iphoneos*]" = "iPhone Developer: rajasekaran sagadevan (RU6L2TQG6R)";
				COPY_PHASE_STRIP = NO;
				DEBUG_INFORMATION_FORMAT = dwarf;
				ENABLE_STRICT_OBJC_MSGSEND = YES;
				ENABLE_TESTABILITY = YES;
				GCC_C_LANGUAGE_STANDARD = gnu99;
				GCC_DYNAMIC_NO_PIC = NO;
				GCC_NO_COMMON_BLOCKS = YES;
				GCC_OPTIMIZATION_LEVEL = 0;
				GCC_PREPROCESSOR_DEFINITIONS = (
					"DEBUG=1",
					"$(inherited)",
				);
				GCC_WARN_64_TO_32_BIT_CONVERSION = YES;
				GCC_WARN_ABOUT_RETURN_TYPE = YES_ERROR;
				GCC_WARN_UNDECLARED_SELECTOR = YES;
				GCC_WARN_UNINITIALIZED_AUTOS = YES_AGGRESSIVE;
				GCC_WARN_UNUSED_FUNCTION = YES;
				GCC_WARN_UNUSED_VARIABLE = YES;
				IPHONEOS_DEPLOYMENT_TARGET = 10.0;
				MTL_ENABLE_DEBUG_INFO = YES;
				ONLY_ACTIVE_ARCH = YES;
				SDKROOT = iphoneos;
				SWIFT_ACTIVE_COMPILATION_CONDITIONS = DEBUG;
				SWIFT_OPTIMIZATION_LEVEL = "-Onone";
				TARGETED_DEVICE_FAMILY = "1,2";
			};
			name = Debug;
		};
		84E9971B1D22AFEE00FE085F /* Release */ = {
			isa = XCBuildConfiguration;
			buildSettings = {
				ALWAYS_SEARCH_USER_PATHS = NO;
				CLANG_ANALYZER_NONNULL = YES;
				CLANG_CXX_LANGUAGE_STANDARD = "gnu++0x";
				CLANG_CXX_LIBRARY = "libc++";
				CLANG_ENABLE_MODULES = YES;
				CLANG_ENABLE_OBJC_ARC = YES;
				CLANG_WARN_BOOL_CONVERSION = YES;
				CLANG_WARN_CONSTANT_CONVERSION = YES;
				CLANG_WARN_DIRECT_OBJC_ISA_USAGE = YES_ERROR;
				CLANG_WARN_DOCUMENTATION_COMMENTS = YES;
				CLANG_WARN_EMPTY_BODY = YES;
				CLANG_WARN_ENUM_CONVERSION = YES;
				CLANG_WARN_INT_CONVERSION = YES;
				CLANG_WARN_OBJC_ROOT_CLASS = YES_ERROR;
				CLANG_WARN_UNREACHABLE_CODE = YES;
				CLANG_WARN__DUPLICATE_METHOD_MATCH = YES;
				CODE_SIGN_IDENTITY = "iPhone Distribution";
				"CODE_SIGN_IDENTITY[sdk=iphoneos*]" = "iPhone Distribution: HCL Technologies Ltd";
				COPY_PHASE_STRIP = NO;
				DEBUG_INFORMATION_FORMAT = "dwarf-with-dsym";
				ENABLE_NS_ASSERTIONS = NO;
				ENABLE_STRICT_OBJC_MSGSEND = YES;
				GCC_C_LANGUAGE_STANDARD = gnu99;
				GCC_NO_COMMON_BLOCKS = YES;
				GCC_WARN_64_TO_32_BIT_CONVERSION = YES;
				GCC_WARN_ABOUT_RETURN_TYPE = YES_ERROR;
				GCC_WARN_UNDECLARED_SELECTOR = YES;
				GCC_WARN_UNINITIALIZED_AUTOS = YES_AGGRESSIVE;
				GCC_WARN_UNUSED_FUNCTION = YES;
				GCC_WARN_UNUSED_VARIABLE = YES;
				IPHONEOS_DEPLOYMENT_TARGET = 10.0;
				MTL_ENABLE_DEBUG_INFO = NO;
				SDKROOT = iphoneos;
				SWIFT_OPTIMIZATION_LEVEL = "-Owholemodule";
				TARGETED_DEVICE_FAMILY = "1,2";
				VALIDATE_PRODUCT = YES;
			};
			name = Release;
		};
		84E9971D1D22AFEE00FE085F /* Debug */ = {
			isa = XCBuildConfiguration;
			baseConfigurationReference = D0BA799DE8F565C8B11B084F /* Pods-TestHockeyApp.debug.xcconfig */;
			buildSettings = {
				ASSETCATALOG_COMPILER_APPICON_NAME = AppIcon;
				INFOPLIST_FILE = TestHockeyApp/Info.plist;
				IPHONEOS_DEPLOYMENT_TARGET = 8.0;
				LD_RUNPATH_SEARCH_PATHS = "$(inherited) @executable_path/Frameworks";
				PRODUCT_BUNDLE_IDENTIFIER = com.hcl.TestHockeyApp;
				PRODUCT_NAME = "$(TARGET_NAME)";
				PROVISIONING_PROFILE = "a769d2e3-2196-4c85-850b-251aef14dd2e";
				PROVISIONING_PROFILE_SPECIFIER = "47F2KXC4F9/NVS Team Development Profile";
				SWIFT_VERSION = 3.0;
			};
			name = Debug;
		};
		84E9971E1D22AFEE00FE085F /* Release */ = {
			isa = XCBuildConfiguration;
			baseConfigurationReference = AA06FB858A7488E948884A9E /* Pods-TestHockeyApp.release.xcconfig */;
			buildSettings = {
				ASSETCATALOG_COMPILER_APPICON_NAME = AppIcon;
				"CODE_SIGN_IDENTITY[sdk=iphoneos*]" = "iPhone Distribution: HCL Technologies Ltd";
				INFOPLIST_FILE = TestHockeyApp/Info.plist;
				IPHONEOS_DEPLOYMENT_TARGET = 8.0;
				LD_RUNPATH_SEARCH_PATHS = "$(inherited) @executable_path/Frameworks";
				PRODUCT_BUNDLE_IDENTIFIER = com.hcl.TestHockeyApp;
				PRODUCT_NAME = "$(TARGET_NAME)";
				PROVISIONING_PROFILE = "3b928f6c-4ea8-4103-a168-7da117b5f806";
				PROVISIONING_PROFILE_SPECIFIER = 47F2KXC4F9/NVS_Team_Distribution_Profile;
				SWIFT_VERSION = 3.0;
			};
			name = Release;
		};
		84E997201D22AFEE00FE085F /* Debug */ = {
			isa = XCBuildConfiguration;
			baseConfigurationReference = 5095A1DAB8FDC6389551CFA1 /* Pods-TestHockeyAppTests.debug.xcconfig */;
			buildSettings = {
				BUNDLE_LOADER = "$(TEST_HOST)";
				INFOPLIST_FILE = TestHockeyAppTests/Info.plist;
				LD_RUNPATH_SEARCH_PATHS = "$(inherited) @executable_path/Frameworks @loader_path/Frameworks";
				PRODUCT_BUNDLE_IDENTIFIER = com.hcl.TestHockeyAppTests;
				PRODUCT_NAME = "$(TARGET_NAME)";
				SWIFT_VERSION = 3.0;
				TEST_HOST = "$(BUILT_PRODUCTS_DIR)/TestHockeyApp.app/TestHockeyApp";
			};
			name = Debug;
		};
		84E997211D22AFEE00FE085F /* Release */ = {
			isa = XCBuildConfiguration;
			baseConfigurationReference = 7FACCF0A76D2EE7F3878095E /* Pods-TestHockeyAppTests.release.xcconfig */;
			buildSettings = {
				BUNDLE_LOADER = "$(TEST_HOST)";
				INFOPLIST_FILE = TestHockeyAppTests/Info.plist;
				LD_RUNPATH_SEARCH_PATHS = "$(inherited) @executable_path/Frameworks @loader_path/Frameworks";
				PRODUCT_BUNDLE_IDENTIFIER = com.hcl.TestHockeyAppTests;
				PRODUCT_NAME = "$(TARGET_NAME)";
				SWIFT_VERSION = 3.0;
				TEST_HOST = "$(BUILT_PRODUCTS_DIR)/TestHockeyApp.app/TestHockeyApp";
			};
			name = Release;
		};
		84E997231D22AFEE00FE085F /* Debug */ = {
			isa = XCBuildConfiguration;
			baseConfigurationReference = E9E822B6F08BB8787AF57D1A /* Pods-TestHockeyAppUITests.debug.xcconfig */;
			buildSettings = {
				INFOPLIST_FILE = TestHockeyAppUITests/Info.plist;
				LD_RUNPATH_SEARCH_PATHS = "$(inherited) @executable_path/Frameworks @loader_path/Frameworks";
				PRODUCT_BUNDLE_IDENTIFIER = com.hcl.TestHockeyAppUITests;
				PRODUCT_NAME = "$(TARGET_NAME)";
				SWIFT_VERSION = 3.0;
				TEST_TARGET_NAME = TestHockeyApp;
			};
			name = Debug;
		};
		84E997241D22AFEE00FE085F /* Release */ = {
			isa = XCBuildConfiguration;
			baseConfigurationReference = BFB5ACE1133F5EA6072E24EE /* Pods-TestHockeyAppUITests.release.xcconfig */;
			buildSettings = {
				INFOPLIST_FILE = TestHockeyAppUITests/Info.plist;
				LD_RUNPATH_SEARCH_PATHS = "$(inherited) @executable_path/Frameworks @loader_path/Frameworks";
				PRODUCT_BUNDLE_IDENTIFIER = com.hcl.TestHockeyAppUITests;
				PRODUCT_NAME = "$(TARGET_NAME)";
				SWIFT_VERSION = 3.0;
				TEST_TARGET_NAME = TestHockeyApp;
			};
			name = Release;
		};
/* End XCBuildConfiguration section */

/* Begin XCConfigurationList section */
		84E996EF1D22AFEE00FE085F /* Build configuration list for PBXProject "TestHockeyApp" */ = {
			isa = XCConfigurationList;
			buildConfigurations = (
				84E9971A1D22AFEE00FE085F /* Debug */,
				84E9971B1D22AFEE00FE085F /* Release */,
			);
			defaultConfigurationIsVisible = 0;
			defaultConfigurationName = Release;
		};
		84E9971C1D22AFEE00FE085F /* Build configuration list for PBXNativeTarget "TestHockeyApp" */ = {
			isa = XCConfigurationList;
			buildConfigurations = (
				84E9971D1D22AFEE00FE085F /* Debug */,
				84E9971E1D22AFEE00FE085F /* Release */,
			);
			defaultConfigurationIsVisible = 0;
			defaultConfigurationName = Release;
		};
		84E9971F1D22AFEE00FE085F /* Build configuration list for PBXNativeTarget "TestHockeyAppTests" */ = {
			isa = XCConfigurationList;
			buildConfigurations = (
				84E997201D22AFEE00FE085F /* Debug */,
				84E997211D22AFEE00FE085F /* Release */,
			);
			defaultConfigurationIsVisible = 0;
			defaultConfigurationName = Release;
		};
		84E997221D22AFEE00FE085F /* Build configuration list for PBXNativeTarget "TestHockeyAppUITests" */ = {
			isa = XCConfigurationList;
			buildConfigurations = (
				84E997231D22AFEE00FE085F /* Debug */,
				84E997241D22AFEE00FE085F /* Release */,
			);
			defaultConfigurationIsVisible = 0;
			defaultConfigurationName = Release;
		};
/* End XCConfigurationList section */
	};
	rootObject = 84E996EC1D22AFEE00FE085F /* Project object */;
}
